
Microsoft Visual Studio Solution File, Format Version 12.00
# Visual Studio Version 17
VisualStudioVersion = 17.0.31903.59
MinimumVisualStudioVersion = 10.0.40219.1
Project("{2150E333-8FDC-42A3-9474-1A3956D46DE8}") = "src", "src", "{9C12D41E-60B8-4788-AEBB-D2B9EDDC069A}"
EndProject
Project("{2150E333-8FDC-42A3-9474-1A3956D46DE8}") = "common", "common", "{EF933E02-8F76-49F6-B4BC-3F06848C6A57}"
	ProjectSection(SolutionItems) = preProject
		.editorconfig = .editorconfig
		.gitignore = .gitignore
		README.md = README.md
	EndProjectSection
EndProject
Project("{2150E333-8FDC-42A3-9474-1A3956D46DE8}") = "aot", "aot", "{FEC7BD26-D5A3-49C7-B5EE-3063475B5AA9}"
	ProjectSection(SolutionItems) = preProject
		src\aot\README.md = src\aot\README.md
	EndProjectSection
EndProject
Project("{2150E333-8FDC-42A3-9474-1A3956D46DE8}") = "old_runtime", "old_runtime", "{DC08C1B2-5196-49C0-97BB-3C6F7FD73221}"
	ProjectSection(SolutionItems) = preProject
		src\old_runtime\README.md = src\old_runtime\README.md
	EndProjectSection
EndProject
Project("{2150E333-8FDC-42A3-9474-1A3956D46DE8}") = "new_runtime", "new_runtime", "{C3D77B55-4337-4A05-9F2A-13978460BB30}"
	ProjectSection(SolutionItems) = preProject
		src\new_runtime\README.md = src\new_runtime\README.md
	EndProjectSection
EndProject
Project("{2150E333-8FDC-42A3-9474-1A3956D46DE8}") = "com", "com", "{E9CFA116-29E1-4B0C-B717-790DCC4536C0}"
	ProjectSection(SolutionItems) = preProject
		src\com\README.md = src\com\README.md
	EndProjectSection
EndProject
Project("{2150E333-8FDC-42A3-9474-1A3956D46DE8}") = "cpp_cli", "cpp_cli", "{2C7CFBD1-774E-40B1-815B-F9447FC4EDCD}"
	ProjectSection(SolutionItems) = preProject
		src\cpp_cli\README.md = src\cpp_cli\README.md
	EndProjectSection
EndProject
Project("{2150E333-8FDC-42A3-9474-1A3956D46DE8}") = "framework_export", "framework_export", "{C588BF12-5F0D-4BE6-9A7F-BD5839CACF90}"
	ProjectSection(SolutionItems) = preProject
		src\framework_export\README.md = src\framework_export\README.md
	EndProjectSection
EndProject
Project("{2150E333-8FDC-42A3-9474-1A3956D46DE8}") = "standard_framework_export", "standard_framework_export", "{1C7CF38F-63E6-4DE7-8B39-6C36F2B05F1B}"
	ProjectSection(SolutionItems) = preProject
		src\standard_framework_export\README.md = src\standard_framework_export\README.md
	EndProjectSection
EndProject
Project("{9A19103F-16F7-4668-BE54-9A1E7A4F7556}") = "AheadOfTime", "src\aot\AheadOfTime\AheadOfTime.csproj", "{1B613C69-1A45-4CD5-83A9-22783945CA51}"
EndProject
Project("{8BC9CEB8-8B4A-11D0-8D11-00A0C91BC942}") = "AheadOfTime.Client", "src\aot\AheadOfTime.Client\AheadOfTime.Client.vcxproj", "{5B58B83A-7668-40BB-81F2-7F57AEE7B8FB}"
EndProject
Project("{9A19103F-16F7-4668-BE54-9A1E7A4F7556}") = "CppCli.Api", "src\cpp_cli\CppCli.Api\CppCli.Api.csproj", "{30C8106D-54CF-431C-8B21-77FFB7AE4029}"
EndProject
Project("{8BC9CEB8-8B4A-11D0-8D11-00A0C91BC942}") = "CppCli.Client", "src\cpp_cli\CppCli.Client\CppCli.Client.vcxproj", "{EDC6B303-9DE1-4A4C-95A8-78932E5EE43E}"
EndProject
Project("{9A19103F-16F7-4668-BE54-9A1E7A4F7556}") = "NewRuntime.Api", "src\new_runtime\NewRuntime.Api\NewRuntime.Api.csproj", "{D7BC58A8-1DD5-467F-90C0-F06FF6E8654C}"
EndProject
Project("{8BC9CEB8-8B4A-11D0-8D11-00A0C91BC942}") = "NewRuntime.Client", "src\new_runtime\NewRuntime.Client\NewRuntime.Client.vcxproj", "{710A5BB6-4DE6-48A6-B0D4-4639B18C44C9}"
EndProject
Project("{8BC9CEB8-8B4A-11D0-8D11-00A0C91BC942}") = "NewRuntime.Wrapper", "src\new_runtime\NewRuntime.Wrapper\NewRuntime.Wrapper.vcxproj", "{F4D56478-4D11-4419-A58D-4EAC1793053C}"
EndProject
Project("{8BC9CEB8-8B4A-11D0-8D11-00A0C91BC942}") = "OldRuntime.Wrapper", "src\old_runtime\OldRuntime.Wrapper\OldRuntime.Wrapper.vcxproj", "{4B0AC630-3D81-4E97-B465-24D5820BFBEB}"
EndProject
Project("{8BC9CEB8-8B4A-11D0-8D11-00A0C91BC942}") = "OldRuntime.Client", "src\old_runtime\OldRuntime.Client\OldRuntime.Client.vcxproj", "{9660E053-04D0-468A-8407-DB2CD931DBAB}"
EndProject
Project("{FAE04EC0-301F-11D3-BF4B-00C04F79EFBC}") = "OldRuntime.Api", "src\old_runtime\OldRuntime.Api\OldRuntime.Api.csproj", "{20EC98E1-7C25-41FC-A962-25E3E03ED46B}"
EndProject
Project("{FAE04EC0-301F-11D3-BF4B-00C04F79EFBC}") = "FrameworkExport", "src\framework_export\FrameworkExport\FrameworkExport.csproj", "{B8691879-ED5B-4AB5-B520-17F0A14C965F}"
EndProject
Project("{8BC9CEB8-8B4A-11D0-8D11-00A0C91BC942}") = "FrameworkExport.Client", "src\framework_export\FrameworkExport.Client\FrameworkExport.Client.vcxproj", "{0C3B9DFF-33BB-460D-9EAD-8C48483FBF34}"
EndProject
Project("{8BC9CEB8-8B4A-11D0-8D11-00A0C91BC942}") = "StandardFrameworkExport.Client", "src\standard_framework_export\StandardFrameworkExport.Client\StandardFrameworkExport.Client.vcxproj", "{621FEDBB-103A-4502-95E4-93E8D379F6D6}"
EndProject
Project("{8BC9CEB8-8B4A-11D0-8D11-00A0C91BC942}") = "Com.Client", "src\com\Com.Client\Com.Client.vcxproj", "{42C55420-1E41-450E-A208-BC2813E0E6C9}"
EndProject
Project("{FAE04EC0-301F-11D3-BF4B-00C04F79EFBC}") = "StandardFrameworkExport.Api", "src\standard_framework_export\StandardFrameworkExport.Api\StandardFrameworkExport.Api.csproj", "{66B61DD4-F7CD-4299-B534-789F409C148D}"
EndProject
Project("{FAE04EC0-301F-11D3-BF4B-00C04F79EFBC}") = "StandardFrameworkExport.Wrapper", "src\standard_framework_export\StandardFrameworkExport.Wrapper\StandardFrameworkExport.Wrapper.csproj", "{46F7CF57-460E-4F93-BEDB-47E833DB7B2A}"
EndProject
Project("{FAE04EC0-301F-11D3-BF4B-00C04F79EFBC}") = "Com", "src\com\Com\Com.csproj", "{8FCFB2FE-5A41-44A3-844F-9CC65DBF1F03}"
EndProject
Project("{8BC9CEB8-8B4A-11D0-8D11-00A0C91BC942}") = "CppCli.Wrapper", "src\cpp_cli\CppCli.Wrapper\CppCli.Wrapper.vcxproj", "{84B03BBB-4586-4DB0-8E2E-951B12BDA4C6}"
EndProject
Global
	GlobalSection(SolutionConfigurationPlatforms) = preSolution
		Debug|Any CPU = Debug|Any CPU
		Debug|x64 = Debug|x64
		Debug|x86 = Debug|x86
		Release|Any CPU = Release|Any CPU
		Release|x64 = Release|x64
		Release|x86 = Release|x86
	EndGlobalSection
	GlobalSection(ProjectConfigurationPlatforms) = postSolution
		{1B613C69-1A45-4CD5-83A9-22783945CA51}.Debug|Any CPU.ActiveCfg = Debug|Any CPU
		{1B613C69-1A45-4CD5-83A9-22783945CA51}.Debug|Any CPU.Build.0 = Debug|Any CPU
		{1B613C69-1A45-4CD5-83A9-22783945CA51}.Debug|x64.ActiveCfg = Debug|Any CPU
		{1B613C69-1A45-4CD5-83A9-22783945CA51}.Debug|x64.Build.0 = Debug|Any CPU
		{1B613C69-1A45-4CD5-83A9-22783945CA51}.Debug|x86.ActiveCfg = Debug|Any CPU
		{1B613C69-1A45-4CD5-83A9-22783945CA51}.Debug|x86.Build.0 = Debug|Any CPU
		{1B613C69-1A45-4CD5-83A9-22783945CA51}.Release|Any CPU.ActiveCfg = Release|Any CPU
		{1B613C69-1A45-4CD5-83A9-22783945CA51}.Release|Any CPU.Build.0 = Release|Any CPU
		{1B613C69-1A45-4CD5-83A9-22783945CA51}.Release|x64.ActiveCfg = Release|Any CPU
		{1B613C69-1A45-4CD5-83A9-22783945CA51}.Release|x64.Build.0 = Release|Any CPU
		{1B613C69-1A45-4CD5-83A9-22783945CA51}.Release|x86.ActiveCfg = Release|Any CPU
		{1B613C69-1A45-4CD5-83A9-22783945CA51}.Release|x86.Build.0 = Release|Any CPU
		{5B58B83A-7668-40BB-81F2-7F57AEE7B8FB}.Debug|Any CPU.ActiveCfg = Debug|x64
		{5B58B83A-7668-40BB-81F2-7F57AEE7B8FB}.Debug|Any CPU.Build.0 = Debug|x64
		{5B58B83A-7668-40BB-81F2-7F57AEE7B8FB}.Debug|x64.ActiveCfg = Debug|x64
		{5B58B83A-7668-40BB-81F2-7F57AEE7B8FB}.Debug|x64.Build.0 = Debug|x64
		{5B58B83A-7668-40BB-81F2-7F57AEE7B8FB}.Debug|x86.ActiveCfg = Debug|Win32
		{5B58B83A-7668-40BB-81F2-7F57AEE7B8FB}.Debug|x86.Build.0 = Debug|Win32
		{5B58B83A-7668-40BB-81F2-7F57AEE7B8FB}.Release|Any CPU.ActiveCfg = Release|x64
		{5B58B83A-7668-40BB-81F2-7F57AEE7B8FB}.Release|Any CPU.Build.0 = Release|x64
		{5B58B83A-7668-40BB-81F2-7F57AEE7B8FB}.Release|x64.ActiveCfg = Release|x64
		{5B58B83A-7668-40BB-81F2-7F57AEE7B8FB}.Release|x64.Build.0 = Release|x64
		{5B58B83A-7668-40BB-81F2-7F57AEE7B8FB}.Release|x86.ActiveCfg = Release|Win32
		{5B58B83A-7668-40BB-81F2-7F57AEE7B8FB}.Release|x86.Build.0 = Release|Win32
		{30C8106D-54CF-431C-8B21-77FFB7AE4029}.Debug|Any CPU.ActiveCfg = Debug|Any CPU
		{30C8106D-54CF-431C-8B21-77FFB7AE4029}.Debug|Any CPU.Build.0 = Debug|Any CPU
		{30C8106D-54CF-431C-8B21-77FFB7AE4029}.Debug|x64.ActiveCfg = Debug|Any CPU
		{30C8106D-54CF-431C-8B21-77FFB7AE4029}.Debug|x64.Build.0 = Debug|Any CPU
		{30C8106D-54CF-431C-8B21-77FFB7AE4029}.Debug|x86.ActiveCfg = Debug|Any CPU
		{30C8106D-54CF-431C-8B21-77FFB7AE4029}.Debug|x86.Build.0 = Debug|Any CPU
		{30C8106D-54CF-431C-8B21-77FFB7AE4029}.Release|Any CPU.ActiveCfg = Release|Any CPU
		{30C8106D-54CF-431C-8B21-77FFB7AE4029}.Release|Any CPU.Build.0 = Release|Any CPU
		{30C8106D-54CF-431C-8B21-77FFB7AE4029}.Release|x64.ActiveCfg = Release|Any CPU
		{30C8106D-54CF-431C-8B21-77FFB7AE4029}.Release|x64.Build.0 = Release|Any CPU
		{30C8106D-54CF-431C-8B21-77FFB7AE4029}.Release|x86.ActiveCfg = Release|Any CPU
		{30C8106D-54CF-431C-8B21-77FFB7AE4029}.Release|x86.Build.0 = Release|Any CPU
		{EDC6B303-9DE1-4A4C-95A8-78932E5EE43E}.Debug|Any CPU.ActiveCfg = Debug|x64
		{EDC6B303-9DE1-4A4C-95A8-78932E5EE43E}.Debug|Any CPU.Build.0 = Debug|x64
		{EDC6B303-9DE1-4A4C-95A8-78932E5EE43E}.Debug|x64.ActiveCfg = Debug|x64
		{EDC6B303-9DE1-4A4C-95A8-78932E5EE43E}.Debug|x64.Build.0 = Debug|x64
		{EDC6B303-9DE1-4A4C-95A8-78932E5EE43E}.Debug|x86.ActiveCfg = Debug|Win32
		{EDC6B303-9DE1-4A4C-95A8-78932E5EE43E}.Debug|x86.Build.0 = Debug|Win32
		{EDC6B303-9DE1-4A4C-95A8-78932E5EE43E}.Release|Any CPU.ActiveCfg = Release|x64
		{EDC6B303-9DE1-4A4C-95A8-78932E5EE43E}.Release|Any CPU.Build.0 = Release|x64
		{EDC6B303-9DE1-4A4C-95A8-78932E5EE43E}.Release|x64.ActiveCfg = Release|x64
		{EDC6B303-9DE1-4A4C-95A8-78932E5EE43E}.Release|x64.Build.0 = Release|x64
		{EDC6B303-9DE1-4A4C-95A8-78932E5EE43E}.Release|x86.ActiveCfg = Release|Win32
		{EDC6B303-9DE1-4A4C-95A8-78932E5EE43E}.Release|x86.Build.0 = Release|Win32
		{D7BC58A8-1DD5-467F-90C0-F06FF6E8654C}.Debug|Any CPU.ActiveCfg = Debug|Any CPU
		{D7BC58A8-1DD5-467F-90C0-F06FF6E8654C}.Debug|Any CPU.Build.0 = Debug|Any CPU
		{D7BC58A8-1DD5-467F-90C0-F06FF6E8654C}.Debug|x64.ActiveCfg = Debug|Any CPU
		{D7BC58A8-1DD5-467F-90C0-F06FF6E8654C}.Debug|x64.Build.0 = Debug|Any CPU
		{D7BC58A8-1DD5-467F-90C0-F06FF6E8654C}.Debug|x86.ActiveCfg = Debug|Any CPU
		{D7BC58A8-1DD5-467F-90C0-F06FF6E8654C}.Debug|x86.Build.0 = Debug|Any CPU
		{D7BC58A8-1DD5-467F-90C0-F06FF6E8654C}.Release|Any CPU.ActiveCfg = Release|Any CPU
		{D7BC58A8-1DD5-467F-90C0-F06FF6E8654C}.Release|Any CPU.Build.0 = Release|Any CPU
		{D7BC58A8-1DD5-467F-90C0-F06FF6E8654C}.Release|x64.ActiveCfg = Release|Any CPU
		{D7BC58A8-1DD5-467F-90C0-F06FF6E8654C}.Release|x64.Build.0 = Release|Any CPU
		{D7BC58A8-1DD5-467F-90C0-F06FF6E8654C}.Release|x86.ActiveCfg = Release|Any CPU
		{D7BC58A8-1DD5-467F-90C0-F06FF6E8654C}.Release|x86.Build.0 = Release|Any CPU
		{710A5BB6-4DE6-48A6-B0D4-4639B18C44C9}.Debug|Any CPU.ActiveCfg = Debug|x64
		{710A5BB6-4DE6-48A6-B0D4-4639B18C44C9}.Debug|Any CPU.Build.0 = Debug|x64
		{710A5BB6-4DE6-48A6-B0D4-4639B18C44C9}.Debug|x64.ActiveCfg = Debug|x64
		{710A5BB6-4DE6-48A6-B0D4-4639B18C44C9}.Debug|x64.Build.0 = Debug|x64
		{710A5BB6-4DE6-48A6-B0D4-4639B18C44C9}.Debug|x86.ActiveCfg = Debug|Win32
		{710A5BB6-4DE6-48A6-B0D4-4639B18C44C9}.Debug|x86.Build.0 = Debug|Win32
		{710A5BB6-4DE6-48A6-B0D4-4639B18C44C9}.Release|Any CPU.ActiveCfg = Release|x64
		{710A5BB6-4DE6-48A6-B0D4-4639B18C44C9}.Release|Any CPU.Build.0 = Release|x64
		{710A5BB6-4DE6-48A6-B0D4-4639B18C44C9}.Release|x64.ActiveCfg = Release|x64
		{710A5BB6-4DE6-48A6-B0D4-4639B18C44C9}.Release|x64.Build.0 = Release|x64
		{710A5BB6-4DE6-48A6-B0D4-4639B18C44C9}.Release|x86.ActiveCfg = Release|Win32
		{710A5BB6-4DE6-48A6-B0D4-4639B18C44C9}.Release|x86.Build.0 = Release|Win32
		{F4D56478-4D11-4419-A58D-4EAC1793053C}.Debug|Any CPU.ActiveCfg = Debug|x64
		{F4D56478-4D11-4419-A58D-4EAC1793053C}.Debug|Any CPU.Build.0 = Debug|x64
		{F4D56478-4D11-4419-A58D-4EAC1793053C}.Debug|x64.ActiveCfg = Debug|x64
		{F4D56478-4D11-4419-A58D-4EAC1793053C}.Debug|x64.Build.0 = Debug|x64
		{F4D56478-4D11-4419-A58D-4EAC1793053C}.Debug|x86.ActiveCfg = Debug|Win32
		{F4D56478-4D11-4419-A58D-4EAC1793053C}.Debug|x86.Build.0 = Debug|Win32
		{F4D56478-4D11-4419-A58D-4EAC1793053C}.Release|Any CPU.ActiveCfg = Release|x64
		{F4D56478-4D11-4419-A58D-4EAC1793053C}.Release|Any CPU.Build.0 = Release|x64
		{F4D56478-4D11-4419-A58D-4EAC1793053C}.Release|x64.ActiveCfg = Release|x64
		{F4D56478-4D11-4419-A58D-4EAC1793053C}.Release|x64.Build.0 = Release|x64
		{F4D56478-4D11-4419-A58D-4EAC1793053C}.Release|x86.ActiveCfg = Release|Win32
		{F4D56478-4D11-4419-A58D-4EAC1793053C}.Release|x86.Build.0 = Release|Win32
		{4B0AC630-3D81-4E97-B465-24D5820BFBEB}.Debug|Any CPU.ActiveCfg = Debug|x64
		{4B0AC630-3D81-4E97-B465-24D5820BFBEB}.Debug|Any CPU.Build.0 = Debug|x64
		{4B0AC630-3D81-4E97-B465-24D5820BFBEB}.Debug|x64.ActiveCfg = Debug|x64
		{4B0AC630-3D81-4E97-B465-24D5820BFBEB}.Debug|x64.Build.0 = Debug|x64
		{4B0AC630-3D81-4E97-B465-24D5820BFBEB}.Debug|x86.ActiveCfg = Debug|Win32
		{4B0AC630-3D81-4E97-B465-24D5820BFBEB}.Debug|x86.Build.0 = Debug|Win32
		{4B0AC630-3D81-4E97-B465-24D5820BFBEB}.Release|Any CPU.ActiveCfg = Release|x64
		{4B0AC630-3D81-4E97-B465-24D5820BFBEB}.Release|Any CPU.Build.0 = Release|x64
		{4B0AC630-3D81-4E97-B465-24D5820BFBEB}.Release|x64.ActiveCfg = Release|x64
		{4B0AC630-3D81-4E97-B465-24D5820BFBEB}.Release|x64.Build.0 = Release|x64
		{4B0AC630-3D81-4E97-B465-24D5820BFBEB}.Release|x86.ActiveCfg = Release|Win32
		{4B0AC630-3D81-4E97-B465-24D5820BFBEB}.Release|x86.Build.0 = Release|Win32
		{9660E053-04D0-468A-8407-DB2CD931DBAB}.Debug|Any CPU.ActiveCfg = Debug|x64
		{9660E053-04D0-468A-8407-DB2CD931DBAB}.Debug|Any CPU.Build.0 = Debug|x64
		{9660E053-04D0-468A-8407-DB2CD931DBAB}.Debug|x64.ActiveCfg = Debug|x64
		{9660E053-04D0-468A-8407-DB2CD931DBAB}.Debug|x64.Build.0 = Debug|x64
		{9660E053-04D0-468A-8407-DB2CD931DBAB}.Debug|x86.ActiveCfg = Debug|Win32
		{9660E053-04D0-468A-8407-DB2CD931DBAB}.Debug|x86.Build.0 = Debug|Win32
		{9660E053-04D0-468A-8407-DB2CD931DBAB}.Release|Any CPU.ActiveCfg = Release|x64
		{9660E053-04D0-468A-8407-DB2CD931DBAB}.Release|Any CPU.Build.0 = Release|x64
		{9660E053-04D0-468A-8407-DB2CD931DBAB}.Release|x64.ActiveCfg = Release|x64
		{9660E053-04D0-468A-8407-DB2CD931DBAB}.Release|x64.Build.0 = Release|x64
		{9660E053-04D0-468A-8407-DB2CD931DBAB}.Release|x86.ActiveCfg = Release|Win32
		{9660E053-04D0-468A-8407-DB2CD931DBAB}.Release|x86.Build.0 = Release|Win32
		{20EC98E1-7C25-41FC-A962-25E3E03ED46B}.Debug|Any CPU.ActiveCfg = Debug|Any CPU
		{20EC98E1-7C25-41FC-A962-25E3E03ED46B}.Debug|Any CPU.Build.0 = Debug|Any CPU
		{20EC98E1-7C25-41FC-A962-25E3E03ED46B}.Debug|x64.ActiveCfg = Debug|Any CPU
		{20EC98E1-7C25-41FC-A962-25E3E03ED46B}.Debug|x64.Build.0 = Debug|Any CPU
		{20EC98E1-7C25-41FC-A962-25E3E03ED46B}.Debug|x86.ActiveCfg = Debug|Any CPU
		{20EC98E1-7C25-41FC-A962-25E3E03ED46B}.Debug|x86.Build.0 = Debug|Any CPU
		{20EC98E1-7C25-41FC-A962-25E3E03ED46B}.Release|Any CPU.ActiveCfg = Release|Any CPU
		{20EC98E1-7C25-41FC-A962-25E3E03ED46B}.Release|Any CPU.Build.0 = Release|Any CPU
		{20EC98E1-7C25-41FC-A962-25E3E03ED46B}.Release|x64.ActiveCfg = Release|Any CPU
		{20EC98E1-7C25-41FC-A962-25E3E03ED46B}.Release|x64.Build.0 = Release|Any CPU
		{20EC98E1-7C25-41FC-A962-25E3E03ED46B}.Release|x86.ActiveCfg = Release|Any CPU
		{20EC98E1-7C25-41FC-A962-25E3E03ED46B}.Release|x86.Build.0 = Release|Any CPU
		{B8691879-ED5B-4AB5-B520-17F0A14C965F}.Debug|Any CPU.ActiveCfg = Debug|Any CPU
		{B8691879-ED5B-4AB5-B520-17F0A14C965F}.Debug|Any CPU.Build.0 = Debug|Any CPU
		{B8691879-ED5B-4AB5-B520-17F0A14C965F}.Debug|x64.ActiveCfg = Debug|Any CPU
		{B8691879-ED5B-4AB5-B520-17F0A14C965F}.Debug|x64.Build.0 = Debug|Any CPU
		{B8691879-ED5B-4AB5-B520-17F0A14C965F}.Debug|x86.ActiveCfg = Debug|Any CPU
		{B8691879-ED5B-4AB5-B520-17F0A14C965F}.Debug|x86.Build.0 = Debug|Any CPU
		{B8691879-ED5B-4AB5-B520-17F0A14C965F}.Release|Any CPU.ActiveCfg = Release|Any CPU
		{B8691879-ED5B-4AB5-B520-17F0A14C965F}.Release|Any CPU.Build.0 = Release|Any CPU
		{B8691879-ED5B-4AB5-B520-17F0A14C965F}.Release|x64.ActiveCfg = Release|Any CPU
		{B8691879-ED5B-4AB5-B520-17F0A14C965F}.Release|x64.Build.0 = Release|Any CPU
		{B8691879-ED5B-4AB5-B520-17F0A14C965F}.Release|x86.ActiveCfg = Release|Any CPU
		{B8691879-ED5B-4AB5-B520-17F0A14C965F}.Release|x86.Build.0 = Release|Any CPU
		{0C3B9DFF-33BB-460D-9EAD-8C48483FBF34}.Debug|Any CPU.ActiveCfg = Debug|x64
		{0C3B9DFF-33BB-460D-9EAD-8C48483FBF34}.Debug|Any CPU.Build.0 = Debug|x64
		{0C3B9DFF-33BB-460D-9EAD-8C48483FBF34}.Debug|x64.ActiveCfg = Debug|x64
		{0C3B9DFF-33BB-460D-9EAD-8C48483FBF34}.Debug|x64.Build.0 = Debug|x64
		{0C3B9DFF-33BB-460D-9EAD-8C48483FBF34}.Debug|x86.ActiveCfg = Debug|Win32
		{0C3B9DFF-33BB-460D-9EAD-8C48483FBF34}.Debug|x86.Build.0 = Debug|Win32
		{0C3B9DFF-33BB-460D-9EAD-8C48483FBF34}.Release|Any CPU.ActiveCfg = Release|x64
		{0C3B9DFF-33BB-460D-9EAD-8C48483FBF34}.Release|Any CPU.Build.0 = Release|x64
		{0C3B9DFF-33BB-460D-9EAD-8C48483FBF34}.Release|x64.ActiveCfg = Release|x64
		{0C3B9DFF-33BB-460D-9EAD-8C48483FBF34}.Release|x64.Build.0 = Release|x64
		{0C3B9DFF-33BB-460D-9EAD-8C48483FBF34}.Release|x86.ActiveCfg = Release|Win32
		{0C3B9DFF-33BB-460D-9EAD-8C48483FBF34}.Release|x86.Build.0 = Release|Win32
		{621FEDBB-103A-4502-95E4-93E8D379F6D6}.Debug|Any CPU.ActiveCfg = Debug|x64
		{621FEDBB-103A-4502-95E4-93E8D379F6D6}.Debug|Any CPU.Build.0 = Debug|x64
		{621FEDBB-103A-4502-95E4-93E8D379F6D6}.Debug|x64.ActiveCfg = Debug|x64
		{621FEDBB-103A-4502-95E4-93E8D379F6D6}.Debug|x64.Build.0 = Debug|x64
		{621FEDBB-103A-4502-95E4-93E8D379F6D6}.Debug|x86.ActiveCfg = Debug|Win32
		{621FEDBB-103A-4502-95E4-93E8D379F6D6}.Debug|x86.Build.0 = Debug|Win32
		{621FEDBB-103A-4502-95E4-93E8D379F6D6}.Release|Any CPU.ActiveCfg = Release|x64
		{621FEDBB-103A-4502-95E4-93E8D379F6D6}.Release|Any CPU.Build.0 = Release|x64
		{621FEDBB-103A-4502-95E4-93E8D379F6D6}.Release|x64.ActiveCfg = Release|x64
		{621FEDBB-103A-4502-95E4-93E8D379F6D6}.Release|x64.Build.0 = Release|x64
		{621FEDBB-103A-4502-95E4-93E8D379F6D6}.Release|x86.ActiveCfg = Release|Win32
		{621FEDBB-103A-4502-95E4-93E8D379F6D6}.Release|x86.Build.0 = Release|Win32
		{42C55420-1E41-450E-A208-BC2813E0E6C9}.Debug|Any CPU.ActiveCfg = Debug|x64
		{42C55420-1E41-450E-A208-BC2813E0E6C9}.Debug|Any CPU.Build.0 = Debug|x64
		{42C55420-1E41-450E-A208-BC2813E0E6C9}.Debug|x64.ActiveCfg = Debug|x64
		{42C55420-1E41-450E-A208-BC2813E0E6C9}.Debug|x64.Build.0 = Debug|x64
		{42C55420-1E41-450E-A208-BC2813E0E6C9}.Debug|x86.ActiveCfg = Debug|Win32
		{42C55420-1E41-450E-A208-BC2813E0E6C9}.Debug|x86.Build.0 = Debug|Win32
		{42C55420-1E41-450E-A208-BC2813E0E6C9}.Release|Any CPU.ActiveCfg = Release|x64
		{42C55420-1E41-450E-A208-BC2813E0E6C9}.Release|Any CPU.Build.0 = Release|x64
		{42C55420-1E41-450E-A208-BC2813E0E6C9}.Release|x64.ActiveCfg = Release|x64
		{42C55420-1E41-450E-A208-BC2813E0E6C9}.Release|x64.Build.0 = Release|x64
		{42C55420-1E41-450E-A208-BC2813E0E6C9}.Release|x86.ActiveCfg = Release|Win32
		{42C55420-1E41-450E-A208-BC2813E0E6C9}.Release|x86.Build.0 = Release|Win32
		{66B61DD4-F7CD-4299-B534-789F409C148D}.Debug|Any CPU.ActiveCfg = Debug|Any CPU
		{66B61DD4-F7CD-4299-B534-789F409C148D}.Debug|Any CPU.Build.0 = Debug|Any CPU
		{66B61DD4-F7CD-4299-B534-789F409C148D}.Debug|x64.ActiveCfg = Debug|Any CPU
		{66B61DD4-F7CD-4299-B534-789F409C148D}.Debug|x64.Build.0 = Debug|Any CPU
		{66B61DD4-F7CD-4299-B534-789F409C148D}.Debug|x86.ActiveCfg = Debug|Any CPU
		{66B61DD4-F7CD-4299-B534-789F409C148D}.Debug|x86.Build.0 = Debug|Any CPU
		{66B61DD4-F7CD-4299-B534-789F409C148D}.Release|Any CPU.ActiveCfg = Release|Any CPU
		{66B61DD4-F7CD-4299-B534-789F409C148D}.Release|Any CPU.Build.0 = Release|Any CPU
		{66B61DD4-F7CD-4299-B534-789F409C148D}.Release|x64.ActiveCfg = Release|Any CPU
		{66B61DD4-F7CD-4299-B534-789F409C148D}.Release|x64.Build.0 = Release|Any CPU
		{66B61DD4-F7CD-4299-B534-789F409C148D}.Release|x86.ActiveCfg = Release|Any CPU
		{66B61DD4-F7CD-4299-B534-789F409C148D}.Release|x86.Build.0 = Release|Any CPU
		{46F7CF57-460E-4F93-BEDB-47E833DB7B2A}.Debug|Any CPU.ActiveCfg = Debug|Any CPU
		{46F7CF57-460E-4F93-BEDB-47E833DB7B2A}.Debug|Any CPU.Build.0 = Debug|Any CPU
		{46F7CF57-460E-4F93-BEDB-47E833DB7B2A}.Debug|x64.ActiveCfg = Debug|Any CPU
		{46F7CF57-460E-4F93-BEDB-47E833DB7B2A}.Debug|x64.Build.0 = Debug|Any CPU
		{46F7CF57-460E-4F93-BEDB-47E833DB7B2A}.Debug|x86.ActiveCfg = Debug|Any CPU
		{46F7CF57-460E-4F93-BEDB-47E833DB7B2A}.Debug|x86.Build.0 = Debug|Any CPU
		{46F7CF57-460E-4F93-BEDB-47E833DB7B2A}.Release|Any CPU.ActiveCfg = Release|Any CPU
		{46F7CF57-460E-4F93-BEDB-47E833DB7B2A}.Release|Any CPU.Build.0 = Release|Any CPU
		{46F7CF57-460E-4F93-BEDB-47E833DB7B2A}.Release|x64.ActiveCfg = Release|Any CPU
		{46F7CF57-460E-4F93-BEDB-47E833DB7B2A}.Release|x64.Build.0 = Release|Any CPU
		{46F7CF57-460E-4F93-BEDB-47E833DB7B2A}.Release|x86.ActiveCfg = Release|Any CPU
		{46F7CF57-460E-4F93-BEDB-47E833DB7B2A}.Release|x86.Build.0 = Release|Any CPU
		{8FCFB2FE-5A41-44A3-844F-9CC65DBF1F03}.Debug|Any CPU.ActiveCfg = Debug|Any CPU
		{8FCFB2FE-5A41-44A3-844F-9CC65DBF1F03}.Debug|Any CPU.Build.0 = Debug|Any CPU
		{8FCFB2FE-5A41-44A3-844F-9CC65DBF1F03}.Debug|x64.ActiveCfg = Debug|Any CPU
		{8FCFB2FE-5A41-44A3-844F-9CC65DBF1F03}.Debug|x64.Build.0 = Debug|Any CPU
		{8FCFB2FE-5A41-44A3-844F-9CC65DBF1F03}.Debug|x86.ActiveCfg = Debug|Any CPU
		{8FCFB2FE-5A41-44A3-844F-9CC65DBF1F03}.Debug|x86.Build.0 = Debug|Any CPU
		{8FCFB2FE-5A41-44A3-844F-9CC65DBF1F03}.Release|Any CPU.ActiveCfg = Release|Any CPU
		{8FCFB2FE-5A41-44A3-844F-9CC65DBF1F03}.Release|Any CPU.Build.0 = Release|Any CPU
		{8FCFB2FE-5A41-44A3-844F-9CC65DBF1F03}.Release|x64.ActiveCfg = Release|Any CPU
		{8FCFB2FE-5A41-44A3-844F-9CC65DBF1F03}.Release|x64.Build.0 = Release|Any CPU
		{8FCFB2FE-5A41-44A3-844F-9CC65DBF1F03}.Release|x86.ActiveCfg = Release|Any CPU
		{8FCFB2FE-5A41-44A3-844F-9CC65DBF1F03}.Release|x86.Build.0 = Release|Any CPU
		{84B03BBB-4586-4DB0-8E2E-951B12BDA4C6}.Debug|Any CPU.ActiveCfg = Debug|x64
		{84B03BBB-4586-4DB0-8E2E-951B12BDA4C6}.Debug|Any CPU.Build.0 = Debug|x64
		{84B03BBB-4586-4DB0-8E2E-951B12BDA4C6}.Debug|x64.ActiveCfg = Debug|x64
		{84B03BBB-4586-4DB0-8E2E-951B12BDA4C6}.Debug|x64.Build.0 = Debug|x64
		{84B03BBB-4586-4DB0-8E2E-951B12BDA4C6}.Debug|x86.ActiveCfg = Debug|Win32
		{84B03BBB-4586-4DB0-8E2E-951B12BDA4C6}.Debug|x86.Build.0 = Debug|Win32
		{84B03BBB-4586-4DB0-8E2E-951B12BDA4C6}.Release|Any CPU.ActiveCfg = Release|x64
		{84B03BBB-4586-4DB0-8E2E-951B12BDA4C6}.Release|Any CPU.Build.0 = Release|x64
		{84B03BBB-4586-4DB0-8E2E-951B12BDA4C6}.Release|x64.ActiveCfg = Release|x64
		{84B03BBB-4586-4DB0-8E2E-951B12BDA4C6}.Release|x64.Build.0 = Release|x64
		{84B03BBB-4586-4DB0-8E2E-951B12BDA4C6}.Release|x86.ActiveCfg = Release|Win32
		{84B03BBB-4586-4DB0-8E2E-951B12BDA4C6}.Release|x86.Build.0 = Release|Win32
	EndGlobalSection
	GlobalSection(SolutionProperties) = preSolution
		HideSolutionNode = FALSE
	EndGlobalSection
	GlobalSection(NestedProjects) = preSolution
		{FEC7BD26-D5A3-49C7-B5EE-3063475B5AA9} = {9C12D41E-60B8-4788-AEBB-D2B9EDDC069A}
		{DC08C1B2-5196-49C0-97BB-3C6F7FD73221} = {9C12D41E-60B8-4788-AEBB-D2B9EDDC069A}
		{C3D77B55-4337-4A05-9F2A-13978460BB30} = {9C12D41E-60B8-4788-AEBB-D2B9EDDC069A}
		{E9CFA116-29E1-4B0C-B717-790DCC4536C0} = {9C12D41E-60B8-4788-AEBB-D2B9EDDC069A}
		{2C7CFBD1-774E-40B1-815B-F9447FC4EDCD} = {9C12D41E-60B8-4788-AEBB-D2B9EDDC069A}
		{C588BF12-5F0D-4BE6-9A7F-BD5839CACF90} = {9C12D41E-60B8-4788-AEBB-D2B9EDDC069A}
		{1C7CF38F-63E6-4DE7-8B39-6C36F2B05F1B} = {9C12D41E-60B8-4788-AEBB-D2B9EDDC069A}
		{1B613C69-1A45-4CD5-83A9-22783945CA51} = {FEC7BD26-D5A3-49C7-B5EE-3063475B5AA9}
		{5B58B83A-7668-40BB-81F2-7F57AEE7B8FB} = {FEC7BD26-D5A3-49C7-B5EE-3063475B5AA9}
		{30C8106D-54CF-431C-8B21-77FFB7AE4029} = {2C7CFBD1-774E-40B1-815B-F9447FC4EDCD}
		{EDC6B303-9DE1-4A4C-95A8-78932E5EE43E} = {2C7CFBD1-774E-40B1-815B-F9447FC4EDCD}
		{D7BC58A8-1DD5-467F-90C0-F06FF6E8654C} = {C3D77B55-4337-4A05-9F2A-13978460BB30}
		{710A5BB6-4DE6-48A6-B0D4-4639B18C44C9} = {C3D77B55-4337-4A05-9F2A-13978460BB30}
		{F4D56478-4D11-4419-A58D-4EAC1793053C} = {C3D77B55-4337-4A05-9F2A-13978460BB30}
		{4B0AC630-3D81-4E97-B465-24D5820BFBEB} = {DC08C1B2-5196-49C0-97BB-3C6F7FD73221}
		{9660E053-04D0-468A-8407-DB2CD931DBAB} = {DC08C1B2-5196-49C0-97BB-3C6F7FD73221}
		{20EC98E1-7C25-41FC-A962-25E3E03ED46B} = {DC08C1B2-5196-49C0-97BB-3C6F7FD73221}
		{B8691879-ED5B-4AB5-B520-17F0A14C965F} = {C588BF12-5F0D-4BE6-9A7F-BD5839CACF90}
		{0C3B9DFF-33BB-460D-9EAD-8C48483FBF34} = {C588BF12-5F0D-4BE6-9A7F-BD5839CACF90}
		{621FEDBB-103A-4502-95E4-93E8D379F6D6} = {1C7CF38F-63E6-4DE7-8B39-6C36F2B05F1B}
		{42C55420-1E41-450E-A208-BC2813E0E6C9} = {E9CFA116-29E1-4B0C-B717-790DCC4536C0}
		{66B61DD4-F7CD-4299-B534-789F409C148D} = {1C7CF38F-63E6-4DE7-8B39-6C36F2B05F1B}
		{46F7CF57-460E-4F93-BEDB-47E833DB7B2A} = {1C7CF38F-63E6-4DE7-8B39-6C36F2B05F1B}
		{8FCFB2FE-5A41-44A3-844F-9CC65DBF1F03} = {E9CFA116-29E1-4B0C-B717-790DCC4536C0}
		{84B03BBB-4586-4DB0-8E2E-951B12BDA4C6} = {2C7CFBD1-774E-40B1-815B-F9447FC4EDCD}
	EndGlobalSection
	GlobalSection(ExtensibilityGlobals) = postSolution
		SolutionGuid = {35E306E9-7996-4954-8153-8D42136B5E4A}
	EndGlobalSection
EndGlobal
