
Microsoft Visual Studio Solution File, Format Version 12.00
# Visual Studio Version 17
VisualStudioVersion = 17.0.31903.59
MinimumVisualStudioVersion = 10.0.40219.1
Project("{2150E333-8FDC-42A3-9474-1A3956D46DE8}") = "src", "src", "{9C12D41E-60B8-4788-AEBB-D2B9EDDC069A}"
EndProject
Project("{2150E333-8FDC-42A3-9474-1A3956D46DE8}") = "common", "common", "{EF933E02-8F76-49F6-B4BC-3F06848C6A57}"
	ProjectSection(SolutionItems) = preProject
		.editorconfig = .editorconfig
		.gitignore = .gitignore
	EndProjectSection
EndProject
Project("{2150E333-8FDC-42A3-9474-1A3956D46DE8}") = "aot", "aot", "{FEC7BD26-D5A3-49C7-B5EE-3063475B5AA9}"
EndProject
Project("{2150E333-8FDC-42A3-9474-1A3956D46DE8}") = "old_runtime", "old_runtime", "{DC08C1B2-5196-49C0-97BB-3C6F7FD73221}"
EndProject
Project("{2150E333-8FDC-42A3-9474-1A3956D46DE8}") = "new_runtime", "new_runtime", "{C3D77B55-4337-4A05-9F2A-13978460BB30}"
EndProject
Project("{2150E333-8FDC-42A3-9474-1A3956D46DE8}") = "com", "com", "{E9CFA116-29E1-4B0C-B717-790DCC4536C0}"
EndProject
Project("{2150E333-8FDC-42A3-9474-1A3956D46DE8}") = "cpp_cli", "cpp_cli", "{2C7CFBD1-774E-40B1-815B-F9447FC4EDCD}"
EndProject
Project("{2150E333-8FDC-42A3-9474-1A3956D46DE8}") = "framework_export", "framework_export", "{C588BF12-5F0D-4BE6-9A7F-BD5839CACF90}"
EndProject
Project("{2150E333-8FDC-42A3-9474-1A3956D46DE8}") = "standard_framework_export", "standard_framework_export", "{1C7CF38F-63E6-4DE7-8B39-6C36F2B05F1B}"
EndProject
Project("{9A19103F-16F7-4668-BE54-9A1E7A4F7556}") = "AheadOfTime", "src\aot\AheadOfTime\AheadOfTime.csproj", "{1B613C69-1A45-4CD5-83A9-22783945CA51}"
EndProject
Project("{8BC9CEB8-8B4A-11D0-8D11-00A0C91BC942}") = "AheadOfTime.Client", "src\aot\AheadOfTime.Client\AheadOfTime.Client.vcxproj", "{5B58B83A-7668-40BB-81F2-7F57AEE7B8FB}"
EndProject
Global
	GlobalSection(SolutionConfigurationPlatforms) = preSolution
		Debug|Any CPU = Debug|Any CPU
		Debug|x64 = Debug|x64
		Debug|x86 = Debug|x86
		Release|Any CPU = Release|Any CPU
		Release|x64 = Release|x64
		Release|x86 = Release|x86
	EndGlobalSection
	GlobalSection(ProjectConfigurationPlatforms) = postSolution
		{1B613C69-1A45-4CD5-83A9-22783945CA51}.Debug|Any CPU.ActiveCfg = Debug|Any CPU
		{1B613C69-1A45-4CD5-83A9-22783945CA51}.Debug|Any CPU.Build.0 = Debug|Any CPU
		{1B613C69-1A45-4CD5-83A9-22783945CA51}.Debug|x64.ActiveCfg = Debug|Any CPU
		{1B613C69-1A45-4CD5-83A9-22783945CA51}.Debug|x64.Build.0 = Debug|Any CPU
		{1B613C69-1A45-4CD5-83A9-22783945CA51}.Debug|x86.ActiveCfg = Debug|Any CPU
		{1B613C69-1A45-4CD5-83A9-22783945CA51}.Debug|x86.Build.0 = Debug|Any CPU
		{1B613C69-1A45-4CD5-83A9-22783945CA51}.Release|Any CPU.ActiveCfg = Release|Any CPU
		{1B613C69-1A45-4CD5-83A9-22783945CA51}.Release|Any CPU.Build.0 = Release|Any CPU
		{1B613C69-1A45-4CD5-83A9-22783945CA51}.Release|x64.ActiveCfg = Release|Any CPU
		{1B613C69-1A45-4CD5-83A9-22783945CA51}.Release|x64.Build.0 = Release|Any CPU
		{1B613C69-1A45-4CD5-83A9-22783945CA51}.Release|x86.ActiveCfg = Release|Any CPU
		{1B613C69-1A45-4CD5-83A9-22783945CA51}.Release|x86.Build.0 = Release|Any CPU
		{5B58B83A-7668-40BB-81F2-7F57AEE7B8FB}.Debug|Any CPU.ActiveCfg = Debug|x64
		{5B58B83A-7668-40BB-81F2-7F57AEE7B8FB}.Debug|Any CPU.Build.0 = Debug|x64
		{5B58B83A-7668-40BB-81F2-7F57AEE7B8FB}.Debug|x64.ActiveCfg = Debug|x64
		{5B58B83A-7668-40BB-81F2-7F57AEE7B8FB}.Debug|x64.Build.0 = Debug|x64
		{5B58B83A-7668-40BB-81F2-7F57AEE7B8FB}.Debug|x86.ActiveCfg = Debug|Win32
		{5B58B83A-7668-40BB-81F2-7F57AEE7B8FB}.Debug|x86.Build.0 = Debug|Win32
		{5B58B83A-7668-40BB-81F2-7F57AEE7B8FB}.Release|Any CPU.ActiveCfg = Release|x64
		{5B58B83A-7668-40BB-81F2-7F57AEE7B8FB}.Release|Any CPU.Build.0 = Release|x64
		{5B58B83A-7668-40BB-81F2-7F57AEE7B8FB}.Release|x64.ActiveCfg = Release|x64
		{5B58B83A-7668-40BB-81F2-7F57AEE7B8FB}.Release|x64.Build.0 = Release|x64
		{5B58B83A-7668-40BB-81F2-7F57AEE7B8FB}.Release|x86.ActiveCfg = Release|Win32
		{5B58B83A-7668-40BB-81F2-7F57AEE7B8FB}.Release|x86.Build.0 = Release|Win32
	EndGlobalSection
	GlobalSection(SolutionProperties) = preSolution
		HideSolutionNode = FALSE
	EndGlobalSection
	GlobalSection(NestedProjects) = preSolution
		{FEC7BD26-D5A3-49C7-B5EE-3063475B5AA9} = {9C12D41E-60B8-4788-AEBB-D2B9EDDC069A}
		{DC08C1B2-5196-49C0-97BB-3C6F7FD73221} = {9C12D41E-60B8-4788-AEBB-D2B9EDDC069A}
		{C3D77B55-4337-4A05-9F2A-13978460BB30} = {9C12D41E-60B8-4788-AEBB-D2B9EDDC069A}
		{E9CFA116-29E1-4B0C-B717-790DCC4536C0} = {9C12D41E-60B8-4788-AEBB-D2B9EDDC069A}
		{2C7CFBD1-774E-40B1-815B-F9447FC4EDCD} = {9C12D41E-60B8-4788-AEBB-D2B9EDDC069A}
		{C588BF12-5F0D-4BE6-9A7F-BD5839CACF90} = {9C12D41E-60B8-4788-AEBB-D2B9EDDC069A}
		{1C7CF38F-63E6-4DE7-8B39-6C36F2B05F1B} = {9C12D41E-60B8-4788-AEBB-D2B9EDDC069A}
		{1B613C69-1A45-4CD5-83A9-22783945CA51} = {FEC7BD26-D5A3-49C7-B5EE-3063475B5AA9}
		{5B58B83A-7668-40BB-81F2-7F57AEE7B8FB} = {FEC7BD26-D5A3-49C7-B5EE-3063475B5AA9}
	EndGlobalSection
	GlobalSection(ExtensibilityGlobals) = postSolution
		SolutionGuid = {35E306E9-7996-4954-8153-8D42136B5E4A}
	EndGlobalSection
EndGlobal
